// !$*UTF8*$!
{
	archiveVersion = 1;
	classes = {
	};
	objectVersion = 46;
	objects = {

/* Begin PBXBuildFile section */
		9470EE0D195876F500BA50D0 /* Foundation.framework in Frameworks */ = {isa = PBXBuildFile; fileRef = 9470EE0C195876F500BA50D0 /* Foundation.framework */; };
		9470EE0F195876F500BA50D0 /* CoreGraphics.framework in Frameworks */ = {isa = PBXBuildFile; fileRef = 9470EE0E195876F500BA50D0 /* CoreGraphics.framework */; };
		9470EE11195876F500BA50D0 /* UIKit.framework in Frameworks */ = {isa = PBXBuildFile; fileRef = 9470EE10195876F500BA50D0 /* UIKit.framework */; };
		9470EE17195876F500BA50D0 /* InfoPlist.strings in Resources */ = {isa = PBXBuildFile; fileRef = 9470EE15195876F500BA50D0 /* InfoPlist.strings */; };
		9470EE19195876F500BA50D0 /* main.m in Sources */ = {isa = PBXBuildFile; fileRef = 9470EE18195876F500BA50D0 /* main.m */; };
		9470EE1D195876F500BA50D0 /* AppDelegate.m in Sources */ = {isa = PBXBuildFile; fileRef = 9470EE1C195876F500BA50D0 /* AppDelegate.m */; };
		9470EE20195876F500BA50D0 /* Main.storyboard in Resources */ = {isa = PBXBuildFile; fileRef = 9470EE1E195876F500BA50D0 /* Main.storyboard */; };
		9470EE23195876F500BA50D0 /* ViewController.m in Sources */ = {isa = PBXBuildFile; fileRef = 9470EE22195876F500BA50D0 /* ViewController.m */; };
		9470EE25195876F500BA50D0 /* Images.xcassets in Resources */ = {isa = PBXBuildFile; fileRef = 9470EE24195876F500BA50D0 /* Images.xcassets */; };
		9470EE2C195876F500BA50D0 /* XCTest.framework in Frameworks */ = {isa = PBXBuildFile; fileRef = 9470EE2B195876F500BA50D0 /* XCTest.framework */; };
		9470EE2D195876F500BA50D0 /* Foundation.framework in Frameworks */ = {isa = PBXBuildFile; fileRef = 9470EE0C195876F500BA50D0 /* Foundation.framework */; };
		9470EE2E195876F500BA50D0 /* UIKit.framework in Frameworks */ = {isa = PBXBuildFile; fileRef = 9470EE10195876F500BA50D0 /* UIKit.framework */; };
		9470EE36195876F500BA50D0 /* InfoPlist.strings in Resources */ = {isa = PBXBuildFile; fileRef = 9470EE34195876F500BA50D0 /* InfoPlist.strings */; };
		9470EE38195876F500BA50D0 /* LoadingIndicatorExampleTests.m in Sources */ = {isa = PBXBuildFile; fileRef = 9470EE37195876F500BA50D0 /* LoadingIndicatorExampleTests.m */; };
/* End PBXBuildFile section */

/* Begin PBXContainerItemProxy section */
		9470EE2F195876F500BA50D0 /* PBXContainerItemProxy */ = {
			isa = PBXContainerItemProxy;
			containerPortal = 9470EE01195876F500BA50D0 /* Project object */;
			proxyType = 1;
			remoteGlobalIDString = 9470EE08195876F500BA50D0;
			remoteInfo = LoadingIndicatorExample;
		};
/* End PBXContainerItemProxy section */

/* Begin PBXFileReference section */
		9470EE09195876F500BA50D0 /* LoadingIndicatorExample.app */ = {isa = PBXFileReference; explicitFileType = wrapper.application; includeInIndex = 0; path = LoadingIndicatorExample.app; sourceTree = BUILT_PRODUCTS_DIR; };
		9470EE0C195876F500BA50D0 /* Foundation.framework */ = {isa = PBXFileReference; lastKnownFileType = wrapper.framework; name = Foundation.framework; path = System/Library/Frameworks/Foundation.framework; sourceTree = SDKROOT; };
		9470EE0E195876F500BA50D0 /* CoreGraphics.framework */ = {isa = PBXFileReference; lastKnownFileType = wrapper.framework; name = CoreGraphics.framework; path = System/Library/Frameworks/CoreGraphics.framework; sourceTree = SDKROOT; };
		9470EE10195876F500BA50D0 /* UIKit.framework */ = {isa = PBXFileReference; lastKnownFileType = wrapper.framework; name = UIKit.framework; path = System/Library/Frameworks/UIKit.framework; sourceTree = SDKROOT; };
		9470EE14195876F500BA50D0 /* LoadingIndicatorExample-Info.plist */ = {isa = PBXFileReference; lastKnownFileType = text.plist.xml; path = "LoadingIndicatorExample-Info.plist"; sourceTree = "<group>"; };
		9470EE16195876F500BA50D0 /* en */ = {isa = PBXFileReference; lastKnownFileType = text.plist.strings; name = en; path = en.lproj/InfoPlist.strings; sourceTree = "<group>"; };
		9470EE18195876F500BA50D0 /* main.m */ = {isa = PBXFileReference; lastKnownFileType = sourcecode.c.objc; path = main.m; sourceTree = "<group>"; };
		9470EE1A195876F500BA50D0 /* LoadingIndicatorExample-Prefix.pch */ = {isa = PBXFileReference; lastKnownFileType = sourcecode.c.h; path = "LoadingIndicatorExample-Prefix.pch"; sourceTree = "<group>"; };
		9470EE1B195876F500BA50D0 /* AppDelegate.h */ = {isa = PBXFileReference; lastKnownFileType = sourcecode.c.h; path = AppDelegate.h; sourceTree = "<group>"; };
		9470EE1C195876F500BA50D0 /* AppDelegate.m */ = {isa = PBXFileReference; lastKnownFileType = sourcecode.c.objc; path = AppDelegate.m; sourceTree = "<group>"; };
		9470EE1F195876F500BA50D0 /* Base */ = {isa = PBXFileReference; lastKnownFileType = file.storyboard; name = Base; path = Base.lproj/Main.storyboard; sourceTree = "<group>"; };
		9470EE21195876F500BA50D0 /* ViewController.h */ = {isa = PBXFileReference; lastKnownFileType = sourcecode.c.h; path = ViewController.h; sourceTree = "<group>"; };
		9470EE22195876F500BA50D0 /* ViewController.m */ = {isa = PBXFileReference; lastKnownFileType = sourcecode.c.objc; path = ViewController.m; sourceTree = "<group>"; };
		9470EE24195876F500BA50D0 /* Images.xcassets */ = {isa = PBXFileReference; lastKnownFileType = folder.assetcatalog; path = Images.xcassets; sourceTree = "<group>"; };
		9470EE2A195876F500BA50D0 /* LoadingIndicatorExampleTests.xctest */ = {isa = PBXFileReference; explicitFileType = wrapper.cfbundle; includeInIndex = 0; path = LoadingIndicatorExampleTests.xctest; sourceTree = BUILT_PRODUCTS_DIR; };
		9470EE2B195876F500BA50D0 /* XCTest.framework */ = {isa = PBXFileReference; lastKnownFileType = wrapper.framework; name = XCTest.framework; path = Library/Frameworks/XCTest.framework; sourceTree = DEVELOPER_DIR; };
		9470EE33195876F500BA50D0 /* LoadingIndicatorExampleTests-Info.plist */ = {isa = PBXFileReference; lastKnownFileType = text.plist.xml; path = "LoadingIndicatorExampleTests-Info.plist"; sourceTree = "<group>"; };
		9470EE35195876F500BA50D0 /* en */ = {isa = PBXFileReference; lastKnownFileType = text.plist.strings; name = en; path = en.lproj/InfoPlist.strings; sourceTree = "<group>"; };
		9470EE37195876F500BA50D0 /* LoadingIndicatorExampleTests.m */ = {isa = PBXFileReference; lastKnownFileType = sourcecode.c.objc; path = LoadingIndicatorExampleTests.m; sourceTree = "<group>"; };
/* End PBXFileReference section */

/* Begin PBXFrameworksBuildPhase section */
		9470EE06195876F500BA50D0 /* Frameworks */ = {
			isa = PBXFrameworksBuildPhase;
			buildActionMask = 2147483647;
			files = (
				9470EE0F195876F500BA50D0 /* CoreGraphics.framework in Frameworks */,
				9470EE11195876F500BA50D0 /* UIKit.framework in Frameworks */,
				9470EE0D195876F500BA50D0 /* Foundation.framework in Frameworks */,
			);
			runOnlyForDeploymentPostprocessing = 0;
		};
		9470EE27195876F500BA50D0 /* Frameworks */ = {
			isa = PBXFrameworksBuildPhase;
			buildActionMask = 2147483647;
			files = (
				9470EE2C195876F500BA50D0 /* XCTest.framework in Frameworks */,
				9470EE2E195876F500BA50D0 /* UIKit.framework in Frameworks */,
				9470EE2D195876F500BA50D0 /* Foundation.framework in Frameworks */,
			);
			runOnlyForDeploymentPostprocessing = 0;
		};
/* End PBXFrameworksBuildPhase section */

/* Begin PBXGroup section */
		9470EE00195876F500BA50D0 = {
			isa = PBXGroup;
			children = (
				9470EE12195876F500BA50D0 /* LoadingIndicatorExample */,
				9470EE31195876F500BA50D0 /* LoadingIndicatorExampleTests */,
				9470EE0B195876F500BA50D0 /* Frameworks */,
				9470EE0A195876F500BA50D0 /* Products */,
			);
			sourceTree = "<group>";
		};
		9470EE0A195876F500BA50D0 /* Products */ = {
			isa = PBXGroup;
			children = (
				9470EE09195876F500BA50D0 /* LoadingIndicatorExample.app */,
				9470EE2A195876F500BA50D0 /* LoadingIndicatorExampleTests.xctest */,
			);
			name = Products;
			sourceTree = "<group>";
		};
		9470EE0B195876F500BA50D0 /* Frameworks */ = {
			isa = PBXGroup;
			children = (
				9470EE0C195876F500BA50D0 /* Foundation.framework */,
				9470EE0E195876F500BA50D0 /* CoreGraphics.framework */,
				9470EE10195876F500BA50D0 /* UIKit.framework */,
				9470EE2B195876F500BA50D0 /* XCTest.framework */,
			);
			name = Frameworks;
			sourceTree = "<group>";
		};
		9470EE12195876F500BA50D0 /* LoadingIndicatorExample */ = {
			isa = PBXGroup;
			children = (
				9470EE1B195876F500BA50D0 /* AppDelegate.h */,
				9470EE1C195876F500BA50D0 /* AppDelegate.m */,
				9470EE1E195876F500BA50D0 /* Main.storyboard */,
				9470EE21195876F500BA50D0 /* ViewController.h */,
				9470EE22195876F500BA50D0 /* ViewController.m */,
				9470EE24195876F500BA50D0 /* Images.xcassets */,
				9470EE13195876F500BA50D0 /* Supporting Files */,
			);
			path = LoadingIndicatorExample;
			sourceTree = "<group>";
		};
		9470EE13195876F500BA50D0 /* Supporting Files */ = {
			isa = PBXGroup;
			children = (
				9470EE14195876F500BA50D0 /* LoadingIndicatorExample-Info.plist */,
				9470EE15195876F500BA50D0 /* InfoPlist.strings */,
				9470EE18195876F500BA50D0 /* main.m */,
				9470EE1A195876F500BA50D0 /* LoadingIndicatorExample-Prefix.pch */,
			);
			name = "Supporting Files";
			sourceTree = "<group>";
		};
		9470EE31195876F500BA50D0 /* LoadingIndicatorExampleTests */ = {
			isa = PBXGroup;
			children = (
				9470EE37195876F500BA50D0 /* LoadingIndicatorExampleTests.m */,
				9470EE32195876F500BA50D0 /* Supporting Files */,
			);
			path = LoadingIndicatorExampleTests;
			sourceTree = "<group>";
		};
		9470EE32195876F500BA50D0 /* Supporting Files */ = {
			isa = PBXGroup;
			children = (
				9470EE33195876F500BA50D0 /* LoadingIndicatorExampleTests-Info.plist */,
				9470EE34195876F500BA50D0 /* InfoPlist.strings */,
			);
			name = "Supporting Files";
			sourceTree = "<group>";
		};
/* End PBXGroup section */

/* Begin PBXNativeTarget section */
		9470EE08195876F500BA50D0 /* LoadingIndicatorExample */ = {
			isa = PBXNativeTarget;
			buildConfigurationList = 9470EE3B195876F500BA50D0 /* Build configuration list for PBXNativeTarget "LoadingIndicatorExample" */;
			buildPhases = (
				9470EE05195876F500BA50D0 /* Sources */,
				9470EE06195876F500BA50D0 /* Frameworks */,
				9470EE07195876F500BA50D0 /* Resources */,
			);
			buildRules = (
			);
			dependencies = (
			);
			name = LoadingIndicatorExample;
			productName = LoadingIndicatorExample;
			productReference = 9470EE09195876F500BA50D0 /* LoadingIndicatorExample.app */;
			productType = "com.apple.product-type.application";
		};
		9470EE29195876F500BA50D0 /* LoadingIndicatorExampleTests */ = {
			isa = PBXNativeTarget;
			buildConfigurationList = 9470EE3E195876F500BA50D0 /* Build configuration list for PBXNativeTarget "LoadingIndicatorExampleTests" */;
			buildPhases = (
				9470EE26195876F500BA50D0 /* Sources */,
				9470EE27195876F500BA50D0 /* Frameworks */,
				9470EE28195876F500BA50D0 /* Resources */,
			);
			buildRules = (
			);
			dependencies = (
				9470EE30195876F500BA50D0 /* PBXTargetDependency */,
			);
			name = LoadingIndicatorExampleTests;
			productName = LoadingIndicatorExampleTests;
			productReference = 9470EE2A195876F500BA50D0 /* LoadingIndicatorExampleTests.xctest */;
			productType = "com.apple.product-type.bundle.unit-test";
		};
/* End PBXNativeTarget section */

/* Begin PBXProject section */
		9470EE01195876F500BA50D0 /* Project object */ = {
			isa = PBXProject;
			attributes = {
				LastUpgradeCheck = 0510;
				ORGANIZATIONNAME = "Random Accident";
				TargetAttributes = {
					9470EE29195876F500BA50D0 = {
						TestTargetID = 9470EE08195876F500BA50D0;
					};
				};
			};
			buildConfigurationList = 9470EE04195876F500BA50D0 /* Build configuration list for PBXProject "LoadingIndicatorExample" */;
			compatibilityVersion = "Xcode 3.2";
			developmentRegion = English;
			hasScannedForEncodings = 0;
			knownRegions = (
				en,
				Base,
			);
			mainGroup = 9470EE00195876F500BA50D0;
			productRefGroup = 9470EE0A195876F500BA50D0 /* Products */;
			projectDirPath = "";
			projectRoot = "";
			targets = (
				9470EE08195876F500BA50D0 /* LoadingIndicatorExample */,
				9470EE29195876F500BA50D0 /* LoadingIndicatorExampleTests */,
			);
		};
/* End PBXProject section */

/* Begin PBXResourcesBuildPhase section */
		9470EE07195876F500BA50D0 /* Resources */ = {
			isa = PBXResourcesBuildPhase;
			buildActionMask = 2147483647;
			files = (
				9470EE25195876F500BA50D0 /* Images.xcassets in Resources */,
				9470EE17195876F500BA50D0 /* InfoPlist.strings in Resources */,
				9470EE20195876F500BA50D0 /* Main.storyboard in Resources */,
			);
			runOnlyForDeploymentPostprocessing = 0;
		};
		9470EE28195876F500BA50D0 /* Resources */ = {
			isa = PBXResourcesBuildPhase;
			buildActionMask = 2147483647;
			files = (
				9470EE36195876F500BA50D0 /* InfoPlist.strings in Resources */,
			);
			runOnlyForDeploymentPostprocessing = 0;
		};
/* End PBXResourcesBuildPhase section */

/* Begin PBXSourcesBuildPhase section */
		9470EE05195876F500BA50D0 /* Sources */ = {
			isa = PBXSourcesBuildPhase;
			buildActionMask = 2147483647;
			files = (
				9470EE23195876F500BA50D0 /* ViewController.m in Sources */,
				9470EE1D195876F500BA50D0 /* AppDelegate.m in Sources */,
				9470EE19195876F500BA50D0 /* main.m in Sources */,
			);
			runOnlyForDeploymentPostprocessing = 0;
		};
		9470EE26195876F500BA50D0 /* Sources */ = {
			isa = PBXSourcesBuildPhase;
			buildActionMask = 2147483647;
			files = (
				9470EE38195876F500BA50D0 /* LoadingIndicatorExampleTests.m in Sources */,
			);
			runOnlyForDeploymentPostprocessing = 0;
		};
/* End PBXSourcesBuildPhase section */

/* Begin PBXTargetDependency section */
		9470EE30195876F500BA50D0 /* PBXTargetDependency */ = {
			isa = PBXTargetDependency;
			target = 9470EE08195876F500BA50D0 /* LoadingIndicatorExample */;
			targetProxy = 9470EE2F195876F500BA50D0 /* PBXContainerItemProxy */;
		};
/* End PBXTargetDependency section */

/* Begin PBXVariantGroup section */
		9470EE15195876F500BA50D0 /* InfoPlist.strings */ = {
			isa = PBXVariantGroup;
			children = (
				9470EE16195876F500BA50D0 /* en */,
			);
			name = InfoPlist.strings;
			sourceTree = "<group>";
		};
		9470EE1E195876F500BA50D0 /* Main.storyboard */ = {
			isa = PBXVariantGroup;
			children = (
				9470EE1F195876F500BA50D0 /* Base */,
			);
			name = Main.storyboard;
			sourceTree = "<group>";
		};
		9470EE34195876F500BA50D0 /* InfoPlist.strings */ = {
			isa = PBXVariantGroup;
			children = (
				9470EE35195876F500BA50D0 /* en */,
			);
			name = InfoPlist.strings;
			sourceTree = "<group>";
		};
/* End PBXVariantGroup section */

/* Begin XCBuildConfiguration section */
		9470EE39195876F500BA50D0 /* Debug */ = {
			isa = XCBuildConfiguration;
			buildSettings = {
				ALWAYS_SEARCH_USER_PATHS = NO;
				CLANG_CXX_LANGUAGE_STANDARD = "gnu++0x";
				CLANG_CXX_LIBRARY = "libc++";
				CLANG_ENABLE_MODULES = YES;
				CLANG_ENABLE_OBJC_ARC = YES;
				CLANG_WARN_BOOL_CONVERSION = YES;
				CLANG_WARN_CONSTANT_CONVERSION = YES;
				CLANG_WARN_DIRECT_OBJC_ISA_USAGE = YES_ERROR;
				CLANG_WARN_EMPTY_BODY = YES;
				CLANG_WARN_ENUM_CONVERSION = YES;
				CLANG_WARN_INT_CONVERSION = YES;
				CLANG_WARN_OBJC_ROOT_CLASS = YES_ERROR;
				CLANG_WARN__DUPLICATE_METHOD_MATCH = YES;
				"CODE_SIGN_IDENTITY[sdk=iphoneos*]" = "iPhone Developer";
				COPY_PHASE_STRIP = NO;
				GCC_C_LANGUAGE_STANDARD = gnu99;
				GCC_DYNAMIC_NO_PIC = NO;
				GCC_OPTIMIZATION_LEVEL = 0;
				GCC_PREPROCESSOR_DEFINITIONS = (
					"DEBUG=1",
					"$(inherited)",
				);
				GCC_SYMBOLS_PRIVATE_EXTERN = NO;
				GCC_WARN_64_TO_32_BIT_CONVERSION = YES;
				GCC_WARN_ABOUT_RETURN_TYPE = YES_ERROR;
				GCC_WARN_UNDECLARED_SELECTOR = YES;
				GCC_WARN_UNINITIALIZED_AUTOS = YES_AGGRESSIVE;
				GCC_WARN_UNUSED_FUNCTION = YES;
				GCC_WARN_UNUSED_VARIABLE = YES;
				IPHONEOS_DEPLOYMENT_TARGET = 7.1;
				ONLY_ACTIVE_ARCH = YES;
				SDKROOT = iphoneos;
			};
			name = Debug;
		};
		9470EE3A195876F500BA50D0 /* Release */ = {
			isa = XCBuildConfiguration;
			buildSettings = {
				ALWAYS_SEARCH_USER_PATHS = NO;
				CLANG_CXX_LANGUAGE_STANDARD = "gnu++0x";
				CLANG_CXX_LIBRARY = "libc++";
				CLANG_ENABLE_MODULES = YES;
				CLANG_ENABLE_OBJC_ARC = YES;
				CLANG_WARN_BOOL_CONVERSION = YES;
				CLANG_WARN_CONSTANT_CONVERSION = YES;
				CLANG_WARN_DIRECT_OBJC_ISA_USAGE = YES_ERROR;
				CLANG_WARN_EMPTY_BODY = YES;
				CLANG_WARN_ENUM_CONVERSION = YES;
				CLANG_WARN_INT_CONVERSION = YES;
				CLANG_WARN_OBJC_ROOT_CLASS = YES_ERROR;
				CLANG_WARN__DUPLICATE_METHOD_MATCH = YES;
				"CODE_SIGN_IDENTITY[sdk=iphoneos*]" = "iPhone Developer";
				COPY_PHASE_STRIP = YES;
				ENABLE_NS_ASSERTIONS = NO;
				GCC_C_LANGUAGE_STANDARD = gnu99;
				GCC_WARN_64_TO_32_BIT_CONVERSION = YES;
				GCC_WARN_ABOUT_RETURN_TYPE = YES_ERROR;
				GCC_WARN_UNDECLARED_SELECTOR = YES;
				GCC_WARN_UNINITIALIZED_AUTOS = YES_AGGRESSIVE;
				GCC_WARN_UNUSED_FUNCTION = YES;
				GCC_WARN_UNUSED_VARIABLE = YES;
				IPHONEOS_DEPLOYMENT_TARGET = 7.1;
				SDKROOT = iphoneos;
				VALIDATE_PRODUCT = YES;
			};
			name = Release;
		};
		9470EE3C195876F500BA50D0 /* Debug */ = {
			isa = XCBuildConfiguration;
			buildSettings = {
				ASSETCATALOG_COMPILER_APPICON_NAME = AppIcon;
				ASSETCATALOG_COMPILER_LAUNCHIMAGE_NAME = LaunchImage;
				GCC_PRECOMPILE_PREFIX_HEADER = YES;
				GCC_PREFIX_HEADER = "LoadingIndicatorExample/LoadingIndicatorExample-Prefix.pch";
				INFOPLIST_FILE = "LoadingIndicatorExample/LoadingIndicatorExample-Info.plist";
				PRODUCT_NAME = "$(TARGET_NAME)";
				WRAPPER_EXTENSION = app;
			};
			name = Debug;
		};
		9470EE3D195876F500BA50D0 /* Release */ = {
			isa = XCBuildConfiguration;
			buildSettings = {
				ASSETCATALOG_COMPILER_APPICON_NAME = AppIcon;
				ASSETCATALOG_COMPILER_LAUNCHIMAGE_NAME = LaunchImage;
				GCC_PRECOMPILE_PREFIX_HEADER = YES;
				GCC_PREFIX_HEADER = "LoadingIndicatorExample/LoadingIndicatorExample-Prefix.pch";
				INFOPLIST_FILE = "LoadingIndicatorExample/LoadingIndicatorExample-Info.plist";
				PRODUCT_NAME = "$(TARGET_NAME)";
				WRAPPER_EXTENSION = app;
			};
			name = Release;
		};
		9470EE3F195876F500BA50D0 /* Debug */ = {
			isa = XCBuildConfiguration;
			buildSettings = {
				BUNDLE_LOADER = "$(BUILT_PRODUCTS_DIR)/LoadingIndicatorExample.app/LoadingIndicatorExample";
				FRAMEWORK_SEARCH_PATHS = (
					"$(SDKROOT)/Developer/Library/Frameworks",
					"$(inherited)",
					"$(DEVELOPER_FRAMEWORKS_DIR)",
				);
				GCC_PRECOMPILE_PREFIX_HEADER = YES;
				GCC_PREFIX_HEADER = "LoadingIndicatorExample/LoadingIndicatorExample-Prefix.pch";
				GCC_PREPROCESSOR_DEFINITIONS = (
					"DEBUG=1",
					"$(inherited)",
				);
				INFOPLIST_FILE = "LoadingIndicatorExampleTests/LoadingIndicatorExampleTests-Info.plist";
				PRODUCT_NAME = "$(TARGET_NAME)";
				TEST_HOST = "$(BUNDLE_LOADER)";
				WRAPPER_EXTENSION = xctest;
			};
			name = Debug;
		};
		9470EE40195876F500BA50D0 /* Release */ = {
			isa = XCBuildConfiguration;
			buildSettings = {
				BUNDLE_LOADER = "$(BUILT_PRODUCTS_DIR)/LoadingIndicatorExample.app/LoadingIndicatorExample";
				FRAMEWORK_SEARCH_PATHS = (
					"$(SDKROOT)/Developer/Library/Frameworks",
					"$(inherited)",
					"$(DEVELOPER_FRAMEWORKS_DIR)",
				);
				GCC_PRECOMPILE_PREFIX_HEADER = YES;
				GCC_PREFIX_HEADER = "LoadingIndicatorExample/LoadingIndicatorExample-Prefix.pch";
				INFOPLIST_FILE = "LoadingIndicatorExampleTests/LoadingIndicatorExampleTests-Info.plist";
				PRODUCT_NAME = "$(TARGET_NAME)";
				TEST_HOST = "$(BUNDLE_LOADER)";
				WRAPPER_EXTENSION = xctest;
			};
			name = Release;
		};
/* End XCBuildConfiguration section */

/* Begin XCConfigurationList section */
		9470EE04195876F500BA50D0 /* Build configuration list for PBXProject "LoadingIndicatorExample" */ = {
			isa = XCConfigurationList;
			buildConfigurations = (
				9470EE39195876F500BA50D0 /* Debug */,
				9470EE3A195876F500BA50D0 /* Release */,
			);
			defaultConfigurationIsVisible = 0;
			defaultConfigurationName = Release;
		};
		9470EE3B195876F500BA50D0 /* Build configuration list for PBXNativeTarget "LoadingIndicatorExample" */ = {
			isa = XCConfigurationList;
			buildConfigurations = (
				9470EE3C195876F500BA50D0 /* Debug */,
				9470EE3D195876F500BA50D0 /* Release */,
			);
			defaultConfigurationIsVisible = 0;
		};
		9470EE3E195876F500BA50D0 /* Build configuration list for PBXNativeTarget "LoadingIndicatorExampleTests" */ = {
			isa = XCConfigurationList;
			buildConfigurations = (
				9470EE3F195876F500BA50D0 /* Debug */,
				9470EE40195876F500BA50D0 /* Release */,
			);
			defaultConfigurationIsVisible = 0;
		};
/* End XCConfigurationList section */
	};
	rootObject = 9470EE01195876F500BA50D0 /* Project object */;
}
